{
  "name": "progressive-respawn",
  "version": "1.0.0",
  "lockfileVersion": 2,
  "requires": true,
  "packages": {
    "": {
      "version": "1.0.0",
      "license": "MIT",
      "dependencies": {
        "rando-js": "github:seanohue/rando#master"
      }
    },
    "node_modules/rando-js": {
      "resolved": "git+ssh://git@github.com/seanohue/rando.git#901716376928598fc522327f406d8d8eb9a05709"
    }
  },
  "dependencies": {
    "rando-js": {
      "version": "git+ssh://git@github.com/seanohue/rando.git#901716376928598fc522327f406d8d8eb9a05709",
      "from": "rando-js@github:seanohue/rando#master"
    }
  }
}
